// !$*UTF8*$!
{
	archiveVersion = 1;
	classes = {
	};
	objectVersion = 46;
	objects = {

/* Begin PBXBuildFile section */
		C2DE50E81D7098770087CBCB /* AppDelegate.swift in Sources */ = {isa = PBXBuildFile; fileRef = C2DE50E71D7098770087CBCB /* AppDelegate.swift */; };
		C2DE50EA1D7098770087CBCB /* ViewController.swift in Sources */ = {isa = PBXBuildFile; fileRef = C2DE50E91D7098770087CBCB /* ViewController.swift */; };
		C2DE50ED1D7098770087CBCB /* Main.storyboard in Resources */ = {isa = PBXBuildFile; fileRef = C2DE50EB1D7098770087CBCB /* Main.storyboard */; };
		C2DE50F01D7098770087CBCB /* DreamLister.xcdatamodeld in Sources */ = {isa = PBXBuildFile; fileRef = C2DE50EE1D7098770087CBCB /* DreamLister.xcdatamodeld */; };
		C2DE50F21D7098770087CBCB /* Assets.xcassets in Resources */ = {isa = PBXBuildFile; fileRef = C2DE50F11D7098770087CBCB /* Assets.xcassets */; };
		C2DE50F51D7098770087CBCB /* LaunchScreen.storyboard in Resources */ = {isa = PBXBuildFile; fileRef = C2DE50F31D7098770087CBCB /* LaunchScreen.storyboard */; };
/* End PBXBuildFile section */

/* Begin PBXFileReference section */
		C2DE50E41D7098770087CBCB /* DreamLister.app */ = {isa = PBXFileReference; explicitFileType = wrapper.application; includeInIndex = 0; path = DreamLister.app; sourceTree = BUILT_PRODUCTS_DIR; };
		C2DE50E71D7098770087CBCB /* AppDelegate.swift */ = {isa = PBXFileReference; lastKnownFileType = sourcecode.swift; path = AppDelegate.swift; sourceTree = "<group>"; };
		C2DE50E91D7098770087CBCB /* ViewController.swift */ = {isa = PBXFileReference; lastKnownFileType = sourcecode.swift; path = ViewController.swift; sourceTree = "<group>"; };
		C2DE50EC1D7098770087CBCB /* Base */ = {isa = PBXFileReference; lastKnownFileType = file.storyboard; name = Base; path = Base.lproj/Main.storyboard; sourceTree = "<group>"; };
		C2DE50EF1D7098770087CBCB /* DreamLister.xcdatamodel */ = {isa = PBXFileReference; lastKnownFileType = wrapper.xcdatamodel; path = DreamLister.xcdatamodel; sourceTree = "<group>"; };
		C2DE50F11D7098770087CBCB /* Assets.xcassets */ = {isa = PBXFileReference; lastKnownFileType = folder.assetcatalog; path = Assets.xcassets; sourceTree = "<group>"; };
		C2DE50F41D7098770087CBCB /* Base */ = {isa = PBXFileReference; lastKnownFileType = file.storyboard; name = Base; path = Base.lproj/LaunchScreen.storyboard; sourceTree = "<group>"; };
		C2DE50F61D7098770087CBCB /* Info.plist */ = {isa = PBXFileReference; lastKnownFileType = text.plist.xml; path = Info.plist; sourceTree = "<group>"; };
/* End PBXFileReference section */

/* Begin PBXFrameworksBuildPhase section */
		C2DE50E11D7098770087CBCB /* Frameworks */ = {
			isa = PBXFrameworksBuildPhase;
			buildActionMask = 2147483647;
			files = (
			);
			runOnlyForDeploymentPostprocessing = 0;
		};
/* End PBXFrameworksBuildPhase section */

/* Begin PBXGroup section */
		C2DE50DB1D7098770087CBCB = {
			isa = PBXGroup;
			children = (
				C2DE50E61D7098770087CBCB /* DreamLister */,
				C2DE50E51D7098770087CBCB /* Products */,
			);
			sourceTree = "<group>";
		};
		C2DE50E51D7098770087CBCB /* Products */ = {
			isa = PBXGroup;
			children = (
				C2DE50E41D7098770087CBCB /* DreamLister.app */,
			);
			name = Products;
			sourceTree = "<group>";
		};
		C2DE50E61D7098770087CBCB /* DreamLister */ = {
			isa = PBXGroup;
			children = (
				C2DE50E71D7098770087CBCB /* AppDelegate.swift */,
				C2DE50E91D7098770087CBCB /* ViewController.swift */,
				C2DE50EB1D7098770087CBCB /* Main.storyboard */,
				C2DE50F11D7098770087CBCB /* Assets.xcassets */,
				C2DE50F31D7098770087CBCB /* LaunchScreen.storyboard */,
				C2DE50F61D7098770087CBCB /* Info.plist */,
				C2DE50EE1D7098770087CBCB /* DreamLister.xcdatamodeld */,
			);
			path = DreamLister;
			sourceTree = "<group>";
		};
/* End PBXGroup section */

/* Begin PBXNativeTarget section */
		C2DE50E31D7098770087CBCB /* DreamLister */ = {
			isa = PBXNativeTarget;
			buildConfigurationList = C2DE50F91D7098770087CBCB /* Build configuration list for PBXNativeTarget "DreamLister" */;
			buildPhases = (
				C2DE50E01D7098770087CBCB /* Sources */,
				C2DE50E11D7098770087CBCB /* Frameworks */,
				C2DE50E21D7098770087CBCB /* Resources */,
			);
			buildRules = (
			);
			dependencies = (
			);
			name = DreamLister;
			productName = DreamLister;
			productReference = C2DE50E41D7098770087CBCB /* DreamLister.app */;
			productType = "com.apple.product-type.application";
		};
/* End PBXNativeTarget section */

/* Begin PBXProject section */
		C2DE50DC1D7098770087CBCB /* Project object */ = {
			isa = PBXProject;
			attributes = {
				LastSwiftUpdateCheck = 0800;
				LastUpgradeCheck = 0800;
				ORGANIZATIONNAME = AW;
				TargetAttributes = {
					C2DE50E31D7098770087CBCB = {
						CreatedOnToolsVersion = 8.0;
						DevelopmentTeam = MNM3C2L7P4;
						ProvisioningStyle = Automatic;
					};
				};
			};
			buildConfigurationList = C2DE50DF1D7098770087CBCB /* Build configuration list for PBXProject "DreamLister" */;
			compatibilityVersion = "Xcode 3.2";
			developmentRegion = English;
			hasScannedForEncodings = 0;
			knownRegions = (
				en,
				Base,
			);
			mainGroup = C2DE50DB1D7098770087CBCB;
			productRefGroup = C2DE50E51D7098770087CBCB /* Products */;
			projectDirPath = "";
			projectRoot = "";
			targets = (
				C2DE50E31D7098770087CBCB /* DreamLister */,
			);
		};
/* End PBXProject section */

/* Begin PBXResourcesBuildPhase section */
		C2DE50E21D7098770087CBCB /* Resources */ = {
			isa = PBXResourcesBuildPhase;
			buildActionMask = 2147483647;
			files = (
				C2DE50F51D7098770087CBCB /* LaunchScreen.storyboard in Resources */,
				C2DE50F21D7098770087CBCB /* Assets.xcassets in Resources */,
				C2DE50ED1D7098770087CBCB /* Main.storyboard in Resources */,
			);
			runOnlyForDeploymentPostprocessing = 0;
		};
/* End PBXResourcesBuildPhase section */

/* Begin PBXSourcesBuildPhase section */
		C2DE50E01D7098770087CBCB /* Sources */ = {
			isa = PBXSourcesBuildPhase;
			buildActionMask = 2147483647;
			files = (
				C2DE50EA1D7098770087CBCB /* ViewController.swift in Sources */,
				C2DE50E81D7098770087CBCB /* AppDelegate.swift in Sources */,
				C2DE50F01D7098770087CBCB /* DreamLister.xcdatamodeld in Sources */,
			);
			runOnlyForDeploymentPostprocessing = 0;
		};
/* End PBXSourcesBuildPhase section */

/* Begin PBXVariantGroup section */
		C2DE50EB1D7098770087CBCB /* Main.storyboard */ = {
			isa = PBXVariantGroup;
			children = (
				C2DE50EC1D7098770087CBCB /* Base */,
			);
			name = Main.storyboard;
			sourceTree = "<group>";
		};
		C2DE50F31D7098770087CBCB /* LaunchScreen.storyboard */ = {
			isa = PBXVariantGroup;
			children = (
				C2DE50F41D7098770087CBCB /* Base */,
			);
			name = LaunchScreen.storyboard;
			sourceTree = "<group>";
		};
/* End PBXVariantGroup section */

/* Begin XCBuildConfiguration section */
		C2DE50F71D7098770087CBCB /* Debug */ = {
			isa = XCBuildConfiguration;
			buildSettings = {
				ALWAYS_SEARCH_USER_PATHS = NO;
				CLANG_ANALYZER_NONNULL = YES;
				CLANG_CXX_LANGUAGE_STANDARD = "gnu++0x";
				CLANG_CXX_LIBRARY = "libc++";
				CLANG_ENABLE_MODULES = YES;
				CLANG_ENABLE_OBJC_ARC = YES;
				CLANG_WARN_BOOL_CONVERSION = YES;
				CLANG_WARN_CONSTANT_CONVERSION = YES;
				CLANG_WARN_DIRECT_OBJC_ISA_USAGE = YES_ERROR;
				CLANG_WARN_DOCUMENTATION_COMMENTS = YES;
				CLANG_WARN_EMPTY_BODY = YES;
				CLANG_WARN_ENUM_CONVERSION = YES;
				CLANG_WARN_INFINITE_RECURSION = YES;
				CLANG_WARN_INT_CONVERSION = YES;
				CLANG_WARN_OBJC_ROOT_CLASS = YES_ERROR;
				CLANG_WARN_SUSPICIOUS_MOVES = YES;
				CLANG_WARN_UNREACHABLE_CODE = YES;
				CLANG_WARN__DUPLICATE_METHOD_MATCH = YES;
				"CODE_SIGN_IDENTITY[sdk=iphoneos*]" = "iPhone Developer";
				COPY_PHASE_STRIP = NO;
				DEBUG_INFORMATION_FORMAT = dwarf;
				ENABLE_STRICT_OBJC_MSGSEND = YES;
				ENABLE_TESTABILITY = YES;
				GCC_C_LANGUAGE_STANDARD = gnu99;
				GCC_DYNAMIC_NO_PIC = NO;
				GCC_NO_COMMON_BLOCKS = YES;
				GCC_OPTIMIZATION_LEVEL = 0;
				GCC_PREPROCESSOR_DEFINITIONS = (
					"DEBUG=1",
					"$(inherited)",
				);
				GCC_WARN_64_TO_32_BIT_CONVERSION = YES;
				GCC_WARN_ABOUT_RETURN_TYPE = YES_ERROR;
				GCC_WARN_UNDECLARED_SELECTOR = YES;
				GCC_WARN_UNINITIALIZED_AUTOS = YES_AGGRESSIVE;
				GCC_WARN_UNUSED_FUNCTION = YES;
				GCC_WARN_UNUSED_VARIABLE = YES;
				IPHONEOS_DEPLOYMENT_TARGET = 10.0;
				MTL_ENABLE_DEBUG_INFO = YES;
				ONLY_ACTIVE_ARCH = YES;
				SDKROOT = iphoneos;
				SWIFT_ACTIVE_COMPILATION_CONDITIONS = DEBUG;
				SWIFT_OPTIMIZATION_LEVEL = "-Onone";
				TARGETED_DEVICE_FAMILY = "1,2";
			};
			name = Debug;
		};
		C2DE50F81D7098770087CBCB /* Release */ = {
			isa = XCBuildConfiguration;
			buildSettings = {
				ALWAYS_SEARCH_USER_PATHS = NO;
				CLANG_ANALYZER_NONNULL = YES;
				CLANG_CXX_LANGUAGE_STANDARD = "gnu++0x";
				CLANG_CXX_LIBRARY = "libc++";
				CLANG_ENABLE_MODULES = YES;
				CLANG_ENABLE_OBJC_ARC = YES;
				CLANG_WARN_BOOL_CONVERSION = YES;
				CLANG_WARN_CONSTANT_CONVERSION = YES;
				CLANG_WARN_DIRECT_OBJC_ISA_USAGE = YES_ERROR;
				CLANG_WARN_DOCUMENTATION_COMMENTS = YES;
				CLANG_WARN_EMPTY_BODY = YES;
				CLANG_WARN_ENUM_CONVERSION = YES;
				CLANG_WARN_INFINITE_RECURSION = YES;
				CLANG_WARN_INT_CONVERSION = YES;
				CLANG_WARN_OBJC_ROOT_CLASS = YES_ERROR;
				CLANG_WARN_SUSPICIOUS_MOVES = YES;
				CLANG_WARN_UNREACHABLE_CODE = YES;
				CLANG_WARN__DUPLICATE_METHOD_MATCH = YES;
				"CODE_SIGN_IDENTITY[sdk=iphoneos*]" = "iPhone Developer";
				COPY_PHASE_STRIP = NO;
				DEBUG_INFORMATION_FORMAT = "dwarf-with-dsym";
				ENABLE_NS_ASSERTIONS = NO;
				ENABLE_STRICT_OBJC_MSGSEND = YES;
				GCC_C_LANGUAGE_STANDARD = gnu99;
				GCC_NO_COMMON_BLOCKS = YES;
				GCC_WARN_64_TO_32_BIT_CONVERSION = YES;
				GCC_WARN_ABOUT_RETURN_TYPE = YES_ERROR;
				GCC_WARN_UNDECLARED_SELECTOR = YES;
				GCC_WARN_UNINITIALIZED_AUTOS = YES_AGGRESSIVE;
				GCC_WARN_UNUSED_FUNCTION = YES;
				GCC_WARN_UNUSED_VARIABLE = YES;
				IPHONEOS_DEPLOYMENT_TARGET = 10.0;
				MTL_ENABLE_DEBUG_INFO = NO;
				SDKROOT = iphoneos;
				SWIFT_OPTIMIZATION_LEVEL = "-Owholemodule";
				TARGETED_DEVICE_FAMILY = "1,2";
				VALIDATE_PRODUCT = YES;
			};
			name = Release;
		};
		C2DE50FA1D7098770087CBCB /* Debug */ = {
			isa = XCBuildConfiguration;
			buildSettings = {
				ASSETCATALOG_COMPILER_APPICON_NAME = AppIcon;
				DEVELOPMENT_TEAM = MNM3C2L7P4;
				INFOPLIST_FILE = DreamLister/Info.plist;
				LD_RUNPATH_SEARCH_PATHS = "$(inherited) @executable_path/Frameworks";
				PRODUCT_BUNDLE_IDENTIFIER = co.uk.goneToPlaid.DreamLister;
				PRODUCT_NAME = "$(TARGET_NAME)";
				SWIFT_VERSION = 3.0;
			};
			name = Debug;
		};
		C2DE50FB1D7098770087CBCB /* Release */ = {
			isa = XCBuildConfiguration;
			buildSettings = {
				ASSETCATALOG_COMPILER_APPICON_NAME = AppIcon;
				DEVELOPMENT_TEAM = MNM3C2L7P4;
				INFOPLIST_FILE = DreamLister/Info.plist;
				LD_RUNPATH_SEARCH_PATHS = "$(inherited) @executable_path/Frameworks";
				PRODUCT_BUNDLE_IDENTIFIER = co.uk.goneToPlaid.DreamLister;
				PRODUCT_NAME = "$(TARGET_NAME)";
				SWIFT_VERSION = 3.0;
			};
			name = Release;
		};
/* End XCBuildConfiguration section */

/* Begin XCConfigurationList section */
		C2DE50DF1D7098770087CBCB /* Build configuration list for PBXProject "DreamLister" */ = {
			isa = XCConfigurationList;
			buildConfigurations = (
				C2DE50F71D7098770087CBCB /* Debug */,
				C2DE50F81D7098770087CBCB /* Release */,
			);
			defaultConfigurationIsVisible = 0;
			defaultConfigurationName = Release;
		};
		C2DE50F91D7098770087CBCB /* Build configuration list for PBXNativeTarget "DreamLister" */ = {
			isa = XCConfigurationList;
			buildConfigurations = (
				C2DE50FA1D7098770087CBCB /* Debug */,
				C2DE50FB1D7098770087CBCB /* Release */,
			);
			defaultConfigurationIsVisible = 0;
		};
/* End XCConfigurationList section */

/* Begin XCVersionGroup section */
		C2DE50EE1D7098770087CBCB /* DreamLister.xcdatamodeld */ = {
			isa = XCVersionGroup;
			children = (
				C2DE50EF1D7098770087CBCB /* DreamLister.xcdatamodel */,
			);
			currentVersion = C2DE50EF1D7098770087CBCB /* DreamLister.xcdatamodel */;
			path = DreamLister.xcdatamodeld;
			sourceTree = "<group>";
			versionGroupType = wrapper.xcdatamodel;
		};
/* End XCVersionGroup section */
	};
	rootObject = C2DE50DC1D7098770087CBCB /* Project object */;
}
